
Microsoft Visual Studio Solution File, Format Version 12.00
# Visual Studio Version 17
VisualStudioVersion = 17.1.32328.378
MinimumVisualStudioVersion = 10.0.40219.1
Project("{FAE04EC0-301F-11D3-BF4B-00C04F79EFBC}") = "WindowsFormsLab_5_0", "WindowsFormsLab_5_0\WindowsFormsLab_5_0.csproj", "{0E53B27E-D34E-43A7-B947-AD94A85D61A3}"
EndProject
Global
	GlobalSection(SolutionConfigurationPlatforms) = preSolution
		Debug|Any CPU = Debug|Any CPU
		Release|Any CPU = Release|Any CPU
	EndGlobalSection
	GlobalSection(ProjectConfigurationPlatforms) = postSolution
		{0E53B27E-D34E-43A7-B947-AD94A85D61A3}.Debug|Any CPU.ActiveCfg = Debug|Any CPU
		{0E53B27E-D34E-43A7-B947-AD94A85D61A3}.Debug|Any CPU.Build.0 = Debug|Any CPU
		{0E53B27E-D34E-43A7-B947-AD94A85D61A3}.Release|Any CPU.ActiveCfg = Release|Any CPU
		{0E53B27E-D34E-43A7-B947-AD94A85D61A3}.Release|Any CPU.Build.0 = Release|Any CPU
	EndGlobalSection
	GlobalSection(SolutionProperties) = preSolution
		HideSolutionNode = FALSE
	EndGlobalSection
	GlobalSection(ExtensibilityGlobals) = postSolution
		SolutionGuid = {B581E223-9224-438C-A4D2-B14DBE9C1DA7}
	EndGlobalSection
EndGlobal
